Microsoft Visual Studio Solution File, Format Version 12.00
# Visual Studio Version 17
VisualStudioVersion = 17.5.2.0
MinimumVisualStudioVersion = 10.0.40219.1
Project("{FAE04EC0-301F-11D3-BF4B-00C04F79EFBC}") = "csharp-dotnet-basic", "csharp-dotnet-basic.csproj", "{F56F937C-77CE-27C9-3F9F-12AF705C342D}"
EndProject
Global
	GlobalSection(SolutionConfigurationPlatforms) = preSolution
		Debug|Any CPU = Debug|Any CPU
		Release|Any CPU = Release|Any CPU
	EndGlobalSection
	GlobalSection(ProjectConfigurationPlatforms) = postSolution
		{F56F937C-77CE-27C9-3F9F-12AF705C342D}.Debug|Any CPU.ActiveCfg = Debug|Any CPU
		{F56F937C-77CE-27C9-3F9F-12AF705C342D}.Debug|Any CPU.Build.0 = Debug|Any CPU
		{F56F937C-77CE-27C9-3F9F-12AF705C342D}.Release|Any CPU.ActiveCfg = Release|Any CPU
		{F56F937C-77CE-27C9-3F9F-12AF705C342D}.Release|Any CPU.Build.0 = Release|Any CPU
	EndGlobalSection
	GlobalSection(SolutionProperties) = preSolution
		HideSolutionNode = FALSE
	EndGlobalSection
	GlobalSection(ExtensibilityGlobals) = postSolution
		SolutionGuid = {6E4A3A05-57EE-444C-B404-5F968072CF66}
	EndGlobalSection
EndGlobal
